
Microsoft Visual Studio Solution File, Format Version 12.00
# Visual Studio 15
VisualStudioVersion = 15.0.26124.0
MinimumVisualStudioVersion = 15.0.26124.0
Project("{FAE04EC0-301F-11D3-BF4B-00C04F79EFBC}") = "Demo", "Demo.Api\Demo.csproj", "{19C490FB-A0B3-40CD-B0B8-7806935FAEEC}"
EndProject
Project("{FAE04EC0-301F-11D3-BF4B-00C04F79EFBC}") = "Demo.Tests", "Demo.Tests\Demo.Tests.csproj", "{9865924A-14FB-4E49-9289-569BC584B302}"
EndProject
Project("{FAE04EC0-301F-11D3-BF4B-00C04F79EFBC}") = "Demo.Web", "Demo.Web\Demo.Web.csproj", "{A6DCDFDC-4C48-4249-A5FA-7EEF8D1E7635}"
EndProject
Global
	GlobalSection(SolutionConfigurationPlatforms) = preSolution
		Debug|Any CPU = Debug|Any CPU
		Debug|x64 = Debug|x64
		Debug|x86 = Debug|x86
		Release|Any CPU = Release|Any CPU
		Release|x64 = Release|x64
		Release|x86 = Release|x86
	EndGlobalSection
	GlobalSection(SolutionProperties) = preSolution
		HideSolutionNode = FALSE
	EndGlobalSection
	GlobalSection(ProjectConfigurationPlatforms) = postSolution
		{19C490FB-A0B3-40CD-B0B8-7806935FAEEC}.Debug|Any CPU.ActiveCfg = Debug|Any CPU
		{19C490FB-A0B3-40CD-B0B8-7806935FAEEC}.Debug|Any CPU.Build.0 = Debug|Any CPU
		{19C490FB-A0B3-40CD-B0B8-7806935FAEEC}.Debug|x64.ActiveCfg = Debug|Any CPU
		{19C490FB-A0B3-40CD-B0B8-7806935FAEEC}.Debug|x64.Build.0 = Debug|Any CPU
		{19C490FB-A0B3-40CD-B0B8-7806935FAEEC}.Debug|x86.ActiveCfg = Debug|Any CPU
		{19C490FB-A0B3-40CD-B0B8-7806935FAEEC}.Debug|x86.Build.0 = Debug|Any CPU
		{19C490FB-A0B3-40CD-B0B8-7806935FAEEC}.Release|Any CPU.ActiveCfg = Release|Any CPU
		{19C490FB-A0B3-40CD-B0B8-7806935FAEEC}.Release|Any CPU.Build.0 = Release|Any CPU
		{19C490FB-A0B3-40CD-B0B8-7806935FAEEC}.Release|x64.ActiveCfg = Release|Any CPU
		{19C490FB-A0B3-40CD-B0B8-7806935FAEEC}.Release|x64.Build.0 = Release|Any CPU
		{19C490FB-A0B3-40CD-B0B8-7806935FAEEC}.Release|x86.ActiveCfg = Release|Any CPU
		{19C490FB-A0B3-40CD-B0B8-7806935FAEEC}.Release|x86.Build.0 = Release|Any CPU
		{9865924A-14FB-4E49-9289-569BC584B302}.Debug|Any CPU.ActiveCfg = Debug|Any CPU
		{9865924A-14FB-4E49-9289-569BC584B302}.Debug|Any CPU.Build.0 = Debug|Any CPU
		{9865924A-14FB-4E49-9289-569BC584B302}.Debug|x64.ActiveCfg = Debug|Any CPU
		{9865924A-14FB-4E49-9289-569BC584B302}.Debug|x64.Build.0 = Debug|Any CPU
		{9865924A-14FB-4E49-9289-569BC584B302}.Debug|x86.ActiveCfg = Debug|Any CPU
		{9865924A-14FB-4E49-9289-569BC584B302}.Debug|x86.Build.0 = Debug|Any CPU
		{9865924A-14FB-4E49-9289-569BC584B302}.Release|Any CPU.ActiveCfg = Release|Any CPU
		{9865924A-14FB-4E49-9289-569BC584B302}.Release|Any CPU.Build.0 = Release|Any CPU
		{9865924A-14FB-4E49-9289-569BC584B302}.Release|x64.ActiveCfg = Release|Any CPU
		{9865924A-14FB-4E49-9289-569BC584B302}.Release|x64.Build.0 = Release|Any CPU
		{9865924A-14FB-4E49-9289-569BC584B302}.Release|x86.ActiveCfg = Release|Any CPU
		{9865924A-14FB-4E49-9289-569BC584B302}.Release|x86.Build.0 = Release|Any CPU
		{A6DCDFDC-4C48-4249-A5FA-7EEF8D1E7635}.Debug|Any CPU.ActiveCfg = Debug|Any CPU
		{A6DCDFDC-4C48-4249-A5FA-7EEF8D1E7635}.Debug|Any CPU.Build.0 = Debug|Any CPU
		{A6DCDFDC-4C48-4249-A5FA-7EEF8D1E7635}.Debug|x64.ActiveCfg = Debug|Any CPU
		{A6DCDFDC-4C48-4249-A5FA-7EEF8D1E7635}.Debug|x64.Build.0 = Debug|Any CPU
		{A6DCDFDC-4C48-4249-A5FA-7EEF8D1E7635}.Debug|x86.ActiveCfg = Debug|Any CPU
		{A6DCDFDC-4C48-4249-A5FA-7EEF8D1E7635}.Debug|x86.Build.0 = Debug|Any CPU
		{A6DCDFDC-4C48-4249-A5FA-7EEF8D1E7635}.Release|Any CPU.ActiveCfg = Release|Any CPU
		{A6DCDFDC-4C48-4249-A5FA-7EEF8D1E7635}.Release|Any CPU.Build.0 = Release|Any CPU
		{A6DCDFDC-4C48-4249-A5FA-7EEF8D1E7635}.Release|x64.ActiveCfg = Release|Any CPU
		{A6DCDFDC-4C48-4249-A5FA-7EEF8D1E7635}.Release|x64.Build.0 = Release|Any CPU
		{A6DCDFDC-4C48-4249-A5FA-7EEF8D1E7635}.Release|x86.ActiveCfg = Release|Any CPU
		{A6DCDFDC-4C48-4249-A5FA-7EEF8D1E7635}.Release|x86.Build.0 = Release|Any CPU
	EndGlobalSection
EndGlobal
